# One line per entry of MIGRATIONS: version and the sha256 of its SQL.
# Append only. A changed or missing line means a merged migration was
# rewritten, which databases already past it would silently skip.
001 ba3773cbf67a2544cb04968fd6340bda13a6b68f7df7ebc6ea7b2877d5693cf6
002 c08ace9478e0dbb8cdc744f03a5502bb703bcd652b15f88299261287c28e468d
003 43aa1e615ab83c99224a11c62cae5d0d4016c2dda6ffe9b2578099cbb9736539
004 7c7f1ea6f38ef08bc67f9f2bf74885043c3e16a333c6f817c8a27f20b8552bc1
005 4cda741bcc18b80aa3ab5f4ea1dd0bd5aaa91a3554f94a1b542e4dc29370760b
006 f68ec7792f16daad4273d26117fb2516968c533aafda952f7b629ce9e56f822d
007 7a8be298b46602244ca8cdb16390dbf336f346bf896f962b4193fac9fcc46b52
008 dcc6e0764146d3d375cdf998f956fde83ca0ab8f53a58f391d4da90bb84427a5
009 2e9e2f4270f698f6414d0aa39020f35d5509532e30c34ef6ee2f3e58226ceea2
010 1afd18a19ce337eae4e659b726b59ccc7f23827df60a348863aaccdfb2c36ce7
011 2f8d3531a8fe9113b5191230867f84b6a0a833df19689ea9ee3e1148f028349e
012 78249a8d15392bb66a2149ea3aea51f9988f78503649f67aa414dd152e032a85
013 ef671d4b1a8faac2271830e7e470601babd55181267da29873cc38a0d201e64a
014 96057dce1be6d303e7d04494b0be954226b1d70f8b2e1c215f7cc14de9902cb7
015 70d632a43794898e563f484bbdc8f0c81096f12ff58f7aa27138d5b3c99dc9d3
016 55a97de624132f90ab31b29f298e3a985a3c661d934c145a11ca3b9e6ecec450
017 3984208cc259cec1703f85cea79d92f1da09abfc86a70d5bb3567dd8ccc147d0
018 cc75deecfc2affd397d5779315d2a79a66af94e149540d1d397795cd256199d7
019 6951f2eecba0fe8107b2684a4a0ebf9abcde9f7a0f54a8094ecf2171e39aff3a
020 f68a067dfad0e37c0ab51138178c7d3420b5784f40981da9d8e4b1676bb3c3d2
021 8c1ab4f8eef2a00ddd9b86df6bf5799bfab19b4605ce250ea022c973de0b9642
022 36ee6f792b251af7f85707ba7c032e1f41d7c6d9c6c97e03f7ecbcf967ec71a9
023 3e12150751de30f0e2dc6a003658ba66109dfb000b00d876a45aba8840b596fa
024 2f83a8c4f0d019c2f98eff6c80f2f9dc6bd4ea6e4e96aa4996c9dd894fdea292
025 c016a2e75c339e35fc770bea10c73ca45cd98d0f95c056056d4a517fd317af82
026 59b501845ab493edec9865297f27464ce2a95ab5a17287314cf41bf807280f5c
027 47bf23f144c4e7383d37223edbabea5e27f3c40cfe9c9374e7c95491f73b7b2f
028 6ee8b9f556707287974849693992c5c50bc793558aa12ad9a8ac1c861a5b79ee
029 9912ce00ca088267f9997c186b5189e115ec4183999086102774537b38850942
030 345dbc04800da36c1c3d1d5599761c721d653cde42a66b5ffc8d45c4ba7220d1
031 1c287413d523b55a3616bb6b8f52c09121fa140035a89904e91e6c59dc636931
032 9bb8e0f28d0cde82b09988c446e8bea02a45d1951cd3d5368c6052d8384dd335
033 9b68a1254c3f23d71eb7d6eddd4011857ae42420ce5032457d09eefb2b9f4f09
034 570e80012915836aad1ee2db883c7b8148ddd4519dcbb2a551de5c9ea908c425
035 6827ccee94489312a45ec3612597b5d800236b4dd7f0821213a3ec7294587c86
036 063c566dc911a99c1a775b21085552466e4a2aa2c8cfc55ebccb576cff507fac
037 7f2338625d599b410c93a0cb145a98f4dac279f7ec98ac614a6a0d91b58a854e
038 05fdb376c23088cd6d01d664206882ef15993855374f09bbb7fdd2f8b4b9336f
039 b9ba1cbb2b5a4ff6f9bb8b2c800c8d24d9ea4551aabb15a5b05e1c93b7cfa384
040 50f389da8d5f6349dc57521390202b219c8d4974da66181c061199bf8bad62c2
041 7119fb9d761e0eb26eeb96d92ecc819ffc53f3ae272049ff663d4c077a7861c6
042 6db07130c6a9f8a83de8db954fd65099baddfb83122fdfc75b5a0dd5b4c967fc
043 2db28b798f76129860e1d229f413ac99f08d3369538643de08edf521a42a9fc1
044 a171ea367b8c6d1fe80f0560437fc9f738048db84283aba71083e4aaf1c0e9dd
045 a643e64ad1e993122ab6d1eb9f69b9687ab598cb003e9344daf7dc3b4be33767
046 442cdcd8aea1b3a962866fca221e0e3a1e3752f3d059b04c70049b5486d7fe97
047 22f0a9774942cd4fe2325e15f4a3a333fa33dd9337e38df6766dd9e301a2d2f3
048 098e20db6279dbd7a8e8f201e37da842cbdb246a61f6a4482fd6432ff6c5dc58
049 da9f0654773317fa35c9efda91b3c78cb605281b9ee07f79dcf70c0ece152f30
050 e984db76c8343aca5fd1f5d2072f7ec989f5fb61ab6b3dd3456f347a53e61291
051 6eed7d5a6209821c2e31bd86d059882cc920b18555117e687ffd947f808319ce
052 1c791b3a4bd21bb92164db4f32917f532e2dbd88864a45fbba03cb64d837e83c
053 c64f09ae5beda3a90a19c31b442d4a1af766f2d7ece9148eb15d37e39b209d03
054 af648868c7382690d2149c7501a1aa8dd35e45ba70e65bed379e49c173f0e47e
055 931b08b50597a866d9298d7176068e5e8e5192a265f9f0335c92cfac7ad54183
056 56fae9e85a5c1e43040a7c49b1fa417a535e5a9f901d1247dbf93f5bb00efdd9
057 b96e416936b8e6b9e35f852ff6e70ae063745c761dbf1d57efd69ce1458e81d6
058 ea272e973eca7a60f2aad1d75137316c3114f1414a439411ff5720770d0eb50d
059 b4cbded64b83cf676416f3b3f290552c5beacdc8c762e2ddac60678f5a3fbce7
060 844478d6241fd18efb35934829bb006ea481a1277d224133626ebb738ff27d07
061 c60bdce2931eba35bf42475cac3723f1057edcf7ada21a97573921dd1fc8ee50
