# One line per entry of MIGRATIONS: version and the sha256 of its SQL.
# Append only. A changed or missing line means a merged migration was
# rewritten, which databases already past it would silently skip.
001 ba3773cbf67a2544cb04968fd6340bda13a6b68f7df7ebc6ea7b2877d5693cf6
002 c08ace9478e0dbb8cdc744f03a5502bb703bcd652b15f88299261287c28e468d
003 43aa1e615ab83c99224a11c62cae5d0d4016c2dda6ffe9b2578099cbb9736539
004 7c7f1ea6f38ef08bc67f9f2bf74885043c3e16a333c6f817c8a27f20b8552bc1
005 4cda741bcc18b80aa3ab5f4ea1dd0bd5aaa91a3554f94a1b542e4dc29370760b
006 f68ec7792f16daad4273d26117fb2516968c533aafda952f7b629ce9e56f822d
007 7a8be298b46602244ca8cdb16390dbf336f346bf896f962b4193fac9fcc46b52
008 dcc6e0764146d3d375cdf998f956fde83ca0ab8f53a58f391d4da90bb84427a5
009 2e9e2f4270f698f6414d0aa39020f35d5509532e30c34ef6ee2f3e58226ceea2
010 1afd18a19ce337eae4e659b726b59ccc7f23827df60a348863aaccdfb2c36ce7
011 2f8d3531a8fe9113b5191230867f84b6a0a833df19689ea9ee3e1148f028349e
012 78249a8d15392bb66a2149ea3aea51f9988f78503649f67aa414dd152e032a85
013 ef671d4b1a8faac2271830e7e470601babd55181267da29873cc38a0d201e64a
014 96057dce1be6d303e7d04494b0be954226b1d70f8b2e1c215f7cc14de9902cb7
015 70d632a43794898e563f484bbdc8f0c81096f12ff58f7aa27138d5b3c99dc9d3
016 55a97de624132f90ab31b29f298e3a985a3c661d934c145a11ca3b9e6ecec450
017 3984208cc259cec1703f85cea79d92f1da09abfc86a70d5bb3567dd8ccc147d0
018 cc75deecfc2affd397d5779315d2a79a66af94e149540d1d397795cd256199d7
019 6951f2eecba0fe8107b2684a4a0ebf9abcde9f7a0f54a8094ecf2171e39aff3a
020 f68a067dfad0e37c0ab51138178c7d3420b5784f40981da9d8e4b1676bb3c3d2
021 8c1ab4f8eef2a00ddd9b86df6bf5799bfab19b4605ce250ea022c973de0b9642
022 36ee6f792b251af7f85707ba7c032e1f41d7c6d9c6c97e03f7ecbcf967ec71a9
023 3e12150751de30f0e2dc6a003658ba66109dfb000b00d876a45aba8840b596fa
024 2f83a8c4f0d019c2f98eff6c80f2f9dc6bd4ea6e4e96aa4996c9dd894fdea292
